
Microsoft Visual Studio Solution File, Format Version 12.00
# Visual Studio Version 17
VisualStudioVersion = 17.12.35527.113
MinimumVisualStudioVersion = 10.0.40219.1
Project("{8BC9CEB8-8B4A-11D0-8D11-00A0C91BC942}") = "Sandbox", "Sandbox\Sandbox.vcxproj", "{DDAEB8F5-0BB3-4FDD-909A-0CB7E3724266}"
EndProject
Project("{8BC9CEB8-8B4A-11D0-8D11-00A0C91BC942}") = "GanedenEngine", "GanedenEngine\GanedenEngine.vcxproj", "{AE55F0B7-1297-463D-8092-4135741801D2}"
EndProject
Global
	GlobalSection(SolutionConfigurationPlatforms) = preSolution
		Debug|x64 = Debug|x64
		Release|x64 = Release|x64
	EndGlobalSection
	GlobalSection(ProjectConfigurationPlatforms) = postSolution
		{DDAEB8F5-0BB3-4FDD-909A-0CB7E3724266}.Debug|x64.ActiveCfg = Debug|x64
		{DDAEB8F5-0BB3-4FDD-909A-0CB7E3724266}.Debug|x64.Build.0 = Debug|x64
		{DDAEB8F5-0BB3-4FDD-909A-0CB7E3724266}.Release|x64.ActiveCfg = Release|x64
		{DDAEB8F5-0BB3-4FDD-909A-0CB7E3724266}.Release|x64.Build.0 = Release|x64
		{AE55F0B7-1297-463D-8092-4135741801D2}.Debug|x64.ActiveCfg = Debug|x64
		{AE55F0B7-1297-463D-8092-4135741801D2}.Debug|x64.Build.0 = Debug|x64
		{AE55F0B7-1297-463D-8092-4135741801D2}.Release|x64.ActiveCfg = Release|x64
		{AE55F0B7-1297-463D-8092-4135741801D2}.Release|x64.Build.0 = Release|x64
	EndGlobalSection
	GlobalSection(SolutionProperties) = preSolution
		HideSolutionNode = FALSE
	EndGlobalSection
EndGlobal
